#MicroXplorer Configuration settings - do not modify
Mcu.Family=STM32F4
ProjectManager.MainLocation=Core/Src
PA2.GPIO_PuPd=GPIO_NOPULL
PC7.GPIOParameters=GPIO_Label
USART2.IPParameters=VirtualMode
RCC.CortexFreq_Value=84000000
SPI3.Direction=SPI_DIRECTION_2LINES
SPI3.VirtualType=VM_MASTER
ProjectManager.KeepUserCode=true
Mcu.UserName=STM32F401RETx
TIM1.IPParameters=Channel-PWM Generation1 CH1
RCC.PLLCLKFreq_Value=84000000
PC10.Signal=SPI3_SCK
PC12.Signal=SPI3_MOSI
PA14.GPIO_Label=TCK
RCC.PLLQCLKFreq_Value=48000000
PC7.Locked=true
PA3.GPIO_PuPd=GPIO_NOPULL
ProjectManager.functionlistsort=1-MX_GPIO_Init-GPIO-false-HAL-true,2-SystemClock_Config-RCC-false-HAL-false,3-MX_ADC1_Init-ADC1-false-HAL-true,4-MX_USART2_UART_Init-USART2-false-HAL-true,5-MX_I2C1_Init-I2C1-false-HAL-true,6-MX_TIM1_Init-TIM1-false-HAL-true,7-MX_TIM3_Init-TIM3-false-HAL-true,8-MX_USART1_UART_Init-USART1-false-HAL-true,9-MX_USART6_UART_Init-USART6-false-HAL-true
PA2.GPIO_Speed=GPIO_SPEED_FREQ_LOW
PC3.Locked=true
PA11.Mode=Asynchronous
RCC.RTCFreq_Value=32000
PA3.GPIOParameters=GPIO_Speed,GPIO_PuPd,GPIO_Label,GPIO_Mode
PC9.Locked=true
PB6.GPIO_Label=HX_DATA2
SH.S_TIM1_CH1.ConfNb=1
USART1.IPParameters=VirtualMode
PA3.GPIO_Speed=GPIO_SPEED_FREQ_LOW
PB13.Signal=GPIO_Output
PA2.GPIOParameters=GPIO_Speed,GPIO_PuPd,GPIO_Label,GPIO_Mode
PinOutPanel.RotationAngle=0
RCC.SYSCLKSource=RCC_SYSCLKSOURCE_PLLCLK
ProjectManager.StackSize=0x400
PB5.GPIOParameters=GPIO_Label
SH.GPXTI13.0=GPIO_EXTI13
Mcu.IP4=SPI3
RCC.FCLKCortexFreq_Value=84000000
Mcu.IP5=SYS
Mcu.IP2=NVIC
NVIC.SVCall_IRQn=true\:0\:0\:false\:false\:true\:false\:false
Mcu.IP3=RCC
PB4.GPIOParameters=GPIO_Label
Mcu.IP0=ADC1
Mcu.IP1=I2C1
Mcu.UserConstants=
PH0\ -\ OSC_IN.Signal=RCC_OSC_IN
SH.GPXTI13.ConfNb=1
PH0\ -\ OSC_IN.Locked=true
Mcu.ThirdPartyNb=0
RCC.HCLKFreq_Value=84000000
Mcu.IPNb=11
RCC.I2SClocksFreq_Value=96000000
ProjectManager.PreviousToolchain=
RCC.APB2TimFreq_Value=84000000
PB6.Signal=GPIO_Input
RCC.VcooutputI2S=96000000
PC7.Signal=USART6_RX
PC3.Signal=GPIO_Output
SH.ADCx_IN7.ConfNb=1
PA8.GPIOParameters=GPIO_Label
Mcu.Pin6=PC3
Mcu.Pin7=PA0-WKUP
Mcu.Pin8=PA1
Mcu.Pin9=PA2
RCC.AHBFreq_Value=84000000
PB13.Locked=true
Mcu.Pin0=PC13-ANTI_TAMP
Mcu.Pin1=PC14-OSC32_IN
Mcu.Pin2=PC15-OSC32_OUT
Mcu.Pin3=PH0 - OSC_IN
Mcu.Pin4=PH1 - OSC_OUT
Mcu.Pin5=PC2
ADC1.Channel-0\#ChannelRegularConversion=ADC_CHANNEL_0
ProjectManager.ProjectBuild=false
RCC.HSE_VALUE=8000000
NVIC.UsageFault_IRQn=true\:0\:0\:false\:false\:true\:true\:false
NVIC.DebugMonitor_IRQn=true\:0\:0\:false\:false\:true\:true\:false
PA8.Locked=true
PA4.Locked=true
Mcu.IP10=USART6
PC13-ANTI_TAMP.Signal=GPXTI13
NVIC.SysTick_IRQn=true\:0\:0\:true\:false\:true\:true\:true
ProjectManager.FirmwarePackage=STM32Cube FW_F4 V1.25.2
MxDb.Version=DB.6.0.10
ProjectManager.BackupPrevious=false
PC14-OSC32_IN.Mode=LSE-External-Oscillator
RCC.VCOInputFreq_Value=1000000
TIM1.Channel-PWM\ Generation1\ CH1=TIM_CHANNEL_1
PA14.Mode=Serial_Wire
SH.ADCx_IN1.ConfNb=1
PA5.GPIO_PuPd=GPIO_NOPULL
File.Version=6
PC9.Mode=Clock-out-2
PB3.GPIOParameters=GPIO_Label
PA8.Signal=S_TIM1_CH1
PB8.Locked=true
SH.ADCx_IN0.0=ADC1_IN0,IN0
SH.ADCx_IN4.ConfNb=1
PB6.Locked=true
NVIC.PendSV_IRQn=true\:0\:0\:false\:false\:true\:false\:false
SH.S_TIM3_CH1.0=TIM3_CH1,PWM_Input_1
SH.ADCx_IN6.ConfNb=1
PB6.GPIOParameters=GPIO_Label
ProjectManager.HalAssertFull=false
ADC1.SamplingTime-0\#ChannelRegularConversion=ADC_SAMPLETIME_3CYCLES
ProjectManager.ProjectName=f4nucleo
PA13.GPIOParameters=GPIO_Label
RCC.MCO2PinFreq_Value=84000000
Mcu.Package=LQFP64
PB9.Signal=I2C1_SDA
PA6.Signal=ADCx_IN6
PA7.Locked=true
PA5.Locked=true
SPI3.Mode=SPI_MODE_MASTER
USART2.VirtualMode=VM_ASYNC
USART6.VirtualMode=VM_ASYNC
PA14.Locked=true
ProjectManager.ToolChainLocation=
PA2.GPIO_Label=USART_TX
RCC.LSI_VALUE=32000
VP_SYS_VS_Systick.Signal=SYS_VS_Systick
PA10.Signal=USART1_RX
PA15.Signal=SPI3_NSS
PA5.GPIOParameters=GPIO_Speed,GPIO_PuPd,GPIO_Label
PC11.Mode=Full_Duplex_Master
SH.ADCx_IN1.0=ADC1_IN1,IN1
PB5.GPIO_Label=HX_DATA1
RCC.APB1TimFreq_Value=84000000
NVIC.BusFault_IRQn=true\:0\:0\:false\:false\:true\:true\:false
SPI3.IPParameters=VirtualType,Mode,Direction
PC2.GPIO_Label=GPIO_Debug_2
ProjectManager.CustomerFirmwarePackage=
PC14-OSC32_IN.Locked=true
PB3.Locked=true
PB4.Signal=GPIO_Output
PA3.Signal=USART2_RX
PC13-ANTI_TAMP.GPIOParameters=GPIO_PuPd,GPIO_Label,GPIO_ModeDefaultEXTI
PA2.GPIO_Mode=GPIO_MODE_AF_PP
PA2.Locked=true
PB3.GPIO_Label=SWO
PC15-OSC32_OUT.Mode=LSE-External-Oscillator
ProjectManager.ProjectFileName=f4nucleo.ioc
ADC1.Rank-0\#ChannelRegularConversion=1
PA10.Mode=Asynchronous
Mcu.PinsNb=36
PC13-ANTI_TAMP.GPIO_PuPd=GPIO_NOPULL
ProjectManager.NoMain=false
SH.ADCx_IN6.0=ADC1_IN6,IN6
PC13-ANTI_TAMP.GPIO_Label=B1 [Blue PushButton]
ADC1.IPParameters=Rank-0\#ChannelRegularConversion,Channel-0\#ChannelRegularConversion,SamplingTime-0\#ChannelRegularConversion,NbrOfConversionFlag,master
USART6.IPParameters=VirtualMode
PC11.Signal=SPI3_MISO
PH1\ -\ OSC_OUT.Mode=HSE-External-Clock-Source
PC2.Signal=GPIO_Output
PC6.Signal=S_TIM3_CH1
PC10.Mode=Full_Duplex_Master
ProjectManager.DefaultFWLocation=true
ProjectManager.DeletePrevious=true
RCC.APB1CLKDivider=RCC_HCLK_DIV2
PC14-OSC32_IN.Signal=RCC_OSC32_IN
boardIOC=true
PH1\ -\ OSC_OUT.Locked=true
PA0-WKUP.Signal=ADCx_IN0
PA0-WKUP.Locked=true
PC3.GPIOParameters=GPIO_Label
PA3.Mode=Asynchronous
PA13.Signal=SYS_JTMS-SWDIO
PA15.Locked=true
PA9.Mode=Asynchronous
PH0\ -\ OSC_IN.Mode=HSE-External-Clock-Source
PA8.GPIO_Label=MOTOR_OUT
PC15-OSC32_OUT.Locked=true
SH.S_TIM1_CH1.0=TIM1_CH1,PWM Generation1 CH1
ProjectManager.TargetToolchain=EWARM V8.32
SH.ADCx_IN7.0=ADC1_IN7,IN7
PA3.GPIO_Mode=GPIO_MODE_AF_PP
PB9.Mode=I2C
PA9.Signal=USART1_TX
PB5.Locked=true
PB9.Locked=true
PC2.Locked=true
ProjectManager.RegisterCallBack=
PC15-OSC32_OUT.Signal=RCC_OSC32_OUT
PA1.Signal=ADCx_IN1
RCC.VCOI2SOutputFreq_Value=192000000
PA5.Signal=GPIO_Output
PC12.Mode=Full_Duplex_Master
PH1\ -\ OSC_OUT.Signal=RCC_OSC_OUT
board=NUCLEO-F401RE
RCC.VCOOutputFreq_Value=336000000
PC13-ANTI_TAMP.Locked=true
ProjectManager.LastFirmware=true
RCC.APB2Freq_Value=84000000
MxCube.Version=6.1.1
PB4.GPIO_Label=HX_SCK
Mcu.Pin35=VP_SYS_VS_Systick
SH.ADCx_IN0.ConfNb=1
PC2.GPIOParameters=GPIO_Label
Mcu.Pin30=PB4
VP_SYS_VS_Systick.Mode=SysTick
Mcu.Pin33=PB8
Mcu.Pin34=PB9
Mcu.Pin31=PB5
SH.ADCx_IN4.0=ADC1_IN4,IN4
Mcu.Pin32=PB6
NVIC.NonMaskableInt_IRQn=true\:0\:0\:false\:false\:true\:true\:false
PA13.Mode=Serial_Wire
ProjectManager.FreePins=false
RCC.IPParameters=48MHZClocksFreq_Value,AHBFreq_Value,APB1CLKDivider,APB1Freq_Value,APB1TimFreq_Value,APB2Freq_Value,APB2TimFreq_Value,CortexFreq_Value,FCLKCortexFreq_Value,HCLKFreq_Value,HSE_VALUE,HSI_VALUE,I2SClocksFreq_Value,LSI_VALUE,MCO2PinFreq_Value,PLLCLKFreq_Value,PLLN,PLLP,PLLQ,PLLQCLKFreq_Value,RTCFreq_Value,RTCHSEDivFreq_Value,SYSCLKFreq_VALUE,SYSCLKSource,VCOI2SOutputFreq_Value,VCOInputFreq_Value,VCOOutputFreq_Value,VcooutputI2S
ProjectManager.AskForMigrate=true
Mcu.Name=STM32F401R(D-E)Tx
Mcu.Pin26=PC10
Mcu.Pin27=PC11
RCC.RTCHSEDivFreq_Value=4000000
PA2.Signal=USART2_TX
PA13.GPIO_Label=TMS
Mcu.Pin24=PA14
ProjectManager.UnderRoot=false
Mcu.Pin25=PA15
Mcu.IP8=USART1
Mcu.IP9=USART2
PC7.GPIO_Label=USART6_RX_ESC_RPM
Mcu.Pin28=PC12
Mcu.IP6=TIM1
Mcu.Pin29=PB3
Mcu.IP7=TIM3
ProjectManager.CoupleFile=false
PB4.Locked=true
RCC.48MHZClocksFreq_Value=48000000
PB3.Signal=SYS_JTDO-SWO
PA4.Signal=ADCx_IN4
RCC.SYSCLKFreq_VALUE=84000000
PB5.Signal=GPIO_Input
Mcu.Pin22=PA11
Mcu.Pin23=PA13
PA1.Locked=true
Mcu.Pin20=PA9
ADC1.master=1
PA3.Locked=true
Mcu.Pin21=PA10
PA5.GPIO_Label=LD2 [Green Led]
NVIC.ForceEnableDMAVector=true
KeepUserPlacement=false
PA14.GPIOParameters=GPIO_Label
NVIC.MemoryManagement_IRQn=true\:0\:0\:false\:false\:true\:true\:false
PA13.Locked=true
USART1.VirtualMode=VM_ASYNC
ProjectManager.CompilerOptimize=6
PC13-ANTI_TAMP.GPIO_ModeDefaultEXTI=GPIO_MODE_IT_FALLING
PA11.Signal=USART6_TX
PA14.Signal=SYS_JTCK-SWCLK
ProjectManager.HeapSize=0x200
Mcu.Pin15=PB13
NVIC.HardFault_IRQn=true\:0\:0\:false\:false\:true\:true\:false
Mcu.Pin16=PC6
Mcu.Pin13=PA6
Mcu.Pin14=PA7
Mcu.Pin19=PA8
SH.S_TIM3_CH1.ConfNb=1
ProjectManager.ComputerToolchain=false
Mcu.Pin17=PC7
RCC.HSI_VALUE=16000000
Mcu.Pin18=PC9
RCC.PLLP=RCC_PLLP_DIV4
PA5.GPIO_Speed=GPIO_SPEED_FREQ_LOW
RCC.PLLQ=7
NVIC.PriorityGroup=NVIC_PRIORITYGROUP_0
ADC1.NbrOfConversionFlag=1
Mcu.Pin11=PA4
Mcu.Pin12=PA5
PB8.Mode=I2C
RCC.PLLN=336
Mcu.Pin10=PA3
PA2.Mode=Asynchronous
PB8.Signal=I2C1_SCL
PC3.GPIO_Label=GPIO_Debug_1
PC9.Signal=RCC_MCO_2
PC7.Mode=Asynchronous
RCC.APB1Freq_Value=42000000
ProjectManager.DeviceId=STM32F401RETx
ProjectManager.LibraryCopy=0
PA3.GPIO_Label=USART_RX
PA7.Signal=ADCx_IN7
PA6.Locked=true
